
Microsoft Visual Studio Solution File, Format Version 12.00
# Visual Studio 15
Project("{FAE04EC0-301F-11D3-BF4B-00C04F79EFBC}") = "Assembly-CSharp", "Assembly-CSharp.csproj", "{C8211552-5A37-9233-EE86-CCFC42168C79}"
EndProject
Project("{FAE04EC0-301F-11D3-BF4B-00C04F79EFBC}") = "Assembly-CSharp-Editor", "Assembly-CSharp-Editor.csproj", "{48E4A3C5-9C5D-53FB-C2B8-479FEB1F2197}"
EndProject
Global
	GlobalSection(SolutionConfigurationPlatforms) = preSolution
		Debug|Any CPU = Debug|Any CPU
		Release|Any CPU = Release|Any CPU
	EndGlobalSection
	GlobalSection(ProjectConfigurationPlatforms) = postSolution
		{C8211552-5A37-9233-EE86-CCFC42168C79}.Debug|Any CPU.ActiveCfg = Debug|Any CPU
		{C8211552-5A37-9233-EE86-CCFC42168C79}.Debug|Any CPU.Build.0 = Debug|Any CPU
		{C8211552-5A37-9233-EE86-CCFC42168C79}.Release|Any CPU.ActiveCfg = Release|Any CPU
		{C8211552-5A37-9233-EE86-CCFC42168C79}.Release|Any CPU.Build.0 = Release|Any CPU
		{48E4A3C5-9C5D-53FB-C2B8-479FEB1F2197}.Debug|Any CPU.ActiveCfg = Debug|Any CPU
		{48E4A3C5-9C5D-53FB-C2B8-479FEB1F2197}.Debug|Any CPU.Build.0 = Debug|Any CPU
		{48E4A3C5-9C5D-53FB-C2B8-479FEB1F2197}.Release|Any CPU.ActiveCfg = Release|Any CPU
		{48E4A3C5-9C5D-53FB-C2B8-479FEB1F2197}.Release|Any CPU.Build.0 = Release|Any CPU
	EndGlobalSection
	GlobalSection(SolutionProperties) = preSolution
		HideSolutionNode = FALSE
	EndGlobalSection
EndGlobal
